dependencies:
- name: common
  repository: https://charts.bitnami.com/bitnami
  version: 2.31.3
- name: moodle
  repository: https://charts.bitnami.com/bitnami
  version: 27.0.3
- name: postgresql
  repository: https://charts.bitnami.com/bitnami
  version: 12.5.7
digest: sha256:7c75ee640cc38355f805228db0637f993b292bad59e81e6497e29afa58b8fc2d
generated: "2025-08-20T23:09:55.25190555+01:00"
