dependencies:
- name: common
  repository: https://charts.bitnami.com/bitnami
  version: 2.31.3
- name: moodle
  repository: https://charts.bitnami.com/bitnami
  version: 27.0.3
- name: postgresql
  repository: https://charts.bitnami.com/bitnami
  version: 12.5.7
- name: cloudnative-pg
  repository: https://charts.bitnami.com/bitnami
  version: 1.0.8
digest: sha256:07750e9ea20b1ae8eb75e53863d964aecf06ea2058b292427a27e4b75837c532
generated: "2025-07-28T16:43:47.686407931+01:00"
